// !$*UTF8*$!
{
	archiveVersion = 1;
	classes = {
	};
	objectVersion = 50;
	objects = {

/* Begin PBXBuildFile section */
		2858BC942404320A00C26596 /* AppDelegate.swift in Sources */ = {isa = PBXBuildFile; fileRef = 2858BC932404320A00C26596 /* AppDelegate.swift */; };
		2858BC962404320A00C26596 /* SceneDelegate.swift in Sources */ = {isa = PBXBuildFile; fileRef = 2858BC952404320A00C26596 /* SceneDelegate.swift */; };
		2858BC982404320A00C26596 /* ViewController.swift in Sources */ = {isa = PBXBuildFile; fileRef = 2858BC972404320A00C26596 /* ViewController.swift */; };
		2858BC9B2404320A00C26596 /* Main.storyboard in Resources */ = {isa = PBXBuildFile; fileRef = 2858BC992404320A00C26596 /* Main.storyboard */; };
		2858BC9D2404321300C26596 /* Assets.xcassets in Resources */ = {isa = PBXBuildFile; fileRef = 2858BC9C2404321300C26596 /* Assets.xcassets */; };
		2858BCA02404321300C26596 /* LaunchScreen.storyboard in Resources */ = {isa = PBXBuildFile; fileRef = 2858BC9E2404321300C26596 /* LaunchScreen.storyboard */; };
		2858BCAB2404321300C26596 /* Mobile_MappersTests.swift in Sources */ = {isa = PBXBuildFile; fileRef = 2858BCAA2404321300C26596 /* Mobile_MappersTests.swift */; };
/* End PBXBuildFile section */

/* Begin PBXContainerItemProxy section */
		2858BCA72404321300C26596 /* PBXContainerItemProxy */ = {
			isa = PBXContainerItemProxy;
			containerPortal = 2858BC882404320A00C26596 /* Project object */;
			proxyType = 1;
			remoteGlobalIDString = 2858BC8F2404320A00C26596;
			remoteInfo = "Mobile Mappers";
		};
/* End PBXContainerItemProxy section */

/* Begin PBXFileReference section */
		2858BC902404320A00C26596 /* Mobile Mappers.app */ = {isa = PBXFileReference; explicitFileType = wrapper.application; includeInIndex = 0; path = "Mobile Mappers.app"; sourceTree = BUILT_PRODUCTS_DIR; };
		2858BC932404320A00C26596 /* AppDelegate.swift */ = {isa = PBXFileReference; lastKnownFileType = sourcecode.swift; path = AppDelegate.swift; sourceTree = "<group>"; };
		2858BC952404320A00C26596 /* SceneDelegate.swift */ = {isa = PBXFileReference; lastKnownFileType = sourcecode.swift; path = SceneDelegate.swift; sourceTree = "<group>"; };
		2858BC972404320A00C26596 /* ViewController.swift */ = {isa = PBXFileReference; lastKnownFileType = sourcecode.swift; path = ViewController.swift; sourceTree = "<group>"; };
		2858BC9A2404320A00C26596 /* Base */ = {isa = PBXFileReference; lastKnownFileType = file.storyboard; name = Base; path = Base.lproj/Main.storyboard; sourceTree = "<group>"; };
		2858BC9C2404321300C26596 /* Assets.xcassets */ = {isa = PBXFileReference; lastKnownFileType = folder.assetcatalog; path = Assets.xcassets; sourceTree = "<group>"; };
		2858BC9F2404321300C26596 /* Base */ = {isa = PBXFileReference; lastKnownFileType = file.storyboard; name = Base; path = Base.lproj/LaunchScreen.storyboard; sourceTree = "<group>"; };
		2858BCA12404321300C26596 /* Info.plist */ = {isa = PBXFileReference; lastKnownFileType = text.plist.xml; path = Info.plist; sourceTree = "<group>"; };
		2858BCA62404321300C26596 /* Mobile MappersTests.xctest */ = {isa = PBXFileReference; explicitFileType = wrapper.cfbundle; includeInIndex = 0; path = "Mobile MappersTests.xctest"; sourceTree = BUILT_PRODUCTS_DIR; };
		2858BCAA2404321300C26596 /* Mobile_MappersTests.swift */ = {isa = PBXFileReference; lastKnownFileType = sourcecode.swift; path = Mobile_MappersTests.swift; sourceTree = "<group>"; };
		2858BCAC2404321300C26596 /* Info.plist */ = {isa = PBXFileReference; lastKnownFileType = text.plist.xml; path = Info.plist; sourceTree = "<group>"; };
/* End PBXFileReference section */

/* Begin PBXFrameworksBuildPhase section */
		2858BC8D2404320A00C26596 /* Frameworks */ = {
			isa = PBXFrameworksBuildPhase;
			buildActionMask = 2147483647;
			files = (
			);
			runOnlyForDeploymentPostprocessing = 0;
		};
		2858BCA32404321300C26596 /* Frameworks */ = {
			isa = PBXFrameworksBuildPhase;
			buildActionMask = 2147483647;
			files = (
			);
			runOnlyForDeploymentPostprocessing = 0;
		};
/* End PBXFrameworksBuildPhase section */

/* Begin PBXGroup section */
		2858BC872404320A00C26596 = {
			isa = PBXGroup;
			children = (
				2858BC922404320A00C26596 /* Mobile Mappers */,
				2858BCA92404321300C26596 /* Mobile MappersTests */,
				2858BC912404320A00C26596 /* Products */,
			);
			sourceTree = "<group>";
		};
		2858BC912404320A00C26596 /* Products */ = {
			isa = PBXGroup;
			children = (
				2858BC902404320A00C26596 /* Mobile Mappers.app */,
				2858BCA62404321300C26596 /* Mobile MappersTests.xctest */,
			);
			name = Products;
			sourceTree = "<group>";
		};
		2858BC922404320A00C26596 /* Mobile Mappers */ = {
			isa = PBXGroup;
			children = (
				2858BC932404320A00C26596 /* AppDelegate.swift */,
				2858BC952404320A00C26596 /* SceneDelegate.swift */,
				2858BC972404320A00C26596 /* ViewController.swift */,
				2858BC992404320A00C26596 /* Main.storyboard */,
				2858BC9C2404321300C26596 /* Assets.xcassets */,
				2858BC9E2404321300C26596 /* LaunchScreen.storyboard */,
				2858BCA12404321300C26596 /* Info.plist */,
			);
			path = "Mobile Mappers";
			sourceTree = "<group>";
		};
		2858BCA92404321300C26596 /* Mobile MappersTests */ = {
			isa = PBXGroup;
			children = (
				2858BCAA2404321300C26596 /* Mobile_MappersTests.swift */,
				2858BCAC2404321300C26596 /* Info.plist */,
			);
			path = "Mobile MappersTests";
			sourceTree = "<group>";
		};
/* End PBXGroup section */

/* Begin PBXNativeTarget section */
		2858BC8F2404320A00C26596 /* Mobile Mappers */ = {
			isa = PBXNativeTarget;
			buildConfigurationList = 2858BCAF2404321300C26596 /* Build configuration list for PBXNativeTarget "Mobile Mappers" */;
			buildPhases = (
				2858BC8C2404320A00C26596 /* Sources */,
				2858BC8D2404320A00C26596 /* Frameworks */,
				2858BC8E2404320A00C26596 /* Resources */,
			);
			buildRules = (
			);
			dependencies = (
			);
			name = "Mobile Mappers";
			productName = "Mobile Mappers";
			productReference = 2858BC902404320A00C26596 /* Mobile Mappers.app */;
			productType = "com.apple.product-type.application";
		};
		2858BCA52404321300C26596 /* Mobile MappersTests */ = {
			isa = PBXNativeTarget;
			buildConfigurationList = 2858BCB22404321300C26596 /* Build configuration list for PBXNativeTarget "Mobile MappersTests" */;
			buildPhases = (
				2858BCA22404321300C26596 /* Sources */,
				2858BCA32404321300C26596 /* Frameworks */,
				2858BCA42404321300C26596 /* Resources */,
			);
			buildRules = (
			);
			dependencies = (
				2858BCA82404321300C26596 /* PBXTargetDependency */,
			);
			name = "Mobile MappersTests";
			productName = "Mobile MappersTests";
			productReference = 2858BCA62404321300C26596 /* Mobile MappersTests.xctest */;
			productType = "com.apple.product-type.bundle.unit-test";
		};
/* End PBXNativeTarget section */

/* Begin PBXProject section */
		2858BC882404320A00C26596 /* Project object */ = {
			isa = PBXProject;
			attributes = {
				LastSwiftUpdateCheck = 1110;
				LastUpgradeCheck = 1110;
				ORGANIZATIONNAME = "Neil S. Patel";
				TargetAttributes = {
					2858BC8F2404320A00C26596 = {
						CreatedOnToolsVersion = 11.1;
					};
					2858BCA52404321300C26596 = {
						CreatedOnToolsVersion = 11.1;
						TestTargetID = 2858BC8F2404320A00C26596;
					};
				};
			};
			buildConfigurationList = 2858BC8B2404320A00C26596 /* Build configuration list for PBXProject "Mobile Mappers" */;
			compatibilityVersion = "Xcode 9.3";
			developmentRegion = en;
			hasScannedForEncodings = 0;
			knownRegions = (
				en,
				Base,
			);
			mainGroup = 2858BC872404320A00C26596;
			productRefGroup = 2858BC912404320A00C26596 /* Products */;
			projectDirPath = "";
			projectRoot = "";
			targets = (
				2858BC8F2404320A00C26596 /* Mobile Mappers */,
				2858BCA52404321300C26596 /* Mobile MappersTests */,
			);
		};
/* End PBXProject section */

/* Begin PBXResourcesBuildPhase section */
		2858BC8E2404320A00C26596 /* Resources */ = {
			isa = PBXResourcesBuildPhase;
			buildActionMask = 2147483647;
			files = (
				2858BCA02404321300C26596 /* LaunchScreen.storyboard in Resources */,
				2858BC9D2404321300C26596 /* Assets.xcassets in Resources */,
				2858BC9B2404320A00C26596 /* Main.storyboard in Resources */,
			);
			runOnlyForDeploymentPostprocessing = 0;
		};
		2858BCA42404321300C26596 /* Resources */ = {
			isa = PBXResourcesBuildPhase;
			buildActionMask = 2147483647;
			files = (
			);
			runOnlyForDeploymentPostprocessing = 0;
		};
/* End PBXResourcesBuildPhase section */

/* Begin PBXSourcesBuildPhase section */
		2858BC8C2404320A00C26596 /* Sources */ = {
			isa = PBXSourcesBuildPhase;
			buildActionMask = 2147483647;
			files = (
				2858BC982404320A00C26596 /* ViewController.swift in Sources */,
				2858BC942404320A00C26596 /* AppDelegate.swift in Sources */,
				2858BC962404320A00C26596 /* SceneDelegate.swift in Sources */,
			);
			runOnlyForDeploymentPostprocessing = 0;
		};
		2858BCA22404321300C26596 /* Sources */ = {
			isa = PBXSourcesBuildPhase;
			buildActionMask = 2147483647;
			files = (
				2858BCAB2404321300C26596 /* Mobile_MappersTests.swift in Sources */,
			);
			runOnlyForDeploymentPostprocessing = 0;
		};
/* End PBXSourcesBuildPhase section */

/* Begin PBXTargetDependency section */
		2858BCA82404321300C26596 /* PBXTargetDependency */ = {
			isa = PBXTargetDependency;
			target = 2858BC8F2404320A00C26596 /* Mobile Mappers */;
			targetProxy = 2858BCA72404321300C26596 /* PBXContainerItemProxy */;
		};
/* End PBXTargetDependency section */

/* Begin PBXVariantGroup section */
		2858BC992404320A00C26596 /* Main.storyboard */ = {
			isa = PBXVariantGroup;
			children = (
				2858BC9A2404320A00C26596 /* Base */,
			);
			name = Main.storyboard;
			sourceTree = "<group>";
		};
		2858BC9E2404321300C26596 /* LaunchScreen.storyboard */ = {
			isa = PBXVariantGroup;
			children = (
				2858BC9F2404321300C26596 /* Base */,
			);
			name = LaunchScreen.storyboard;
			sourceTree = "<group>";
		};
/* End PBXVariantGroup section */

/* Begin XCBuildConfiguration section */
		2858BCAD2404321300C26596 /* Debug */ = {
			isa = XCBuildConfiguration;
			buildSettings = {
				ALWAYS_SEARCH_USER_PATHS = NO;
				CLANG_ANALYZER_NONNULL = YES;
				CLANG_ANALYZER_NUMBER_OBJECT_CONVERSION = YES_AGGRESSIVE;
				CLANG_CXX_LANGUAGE_STANDARD = "gnu++14";
				CLANG_CXX_LIBRARY = "libc++";
				CLANG_ENABLE_MODULES = YES;
				CLANG_ENABLE_OBJC_ARC = YES;
				CLANG_ENABLE_OBJC_WEAK = YES;
				CLANG_WARN_BLOCK_CAPTURE_AUTORELEASING = YES;
				CLANG_WARN_BOOL_CONVERSION = YES;
				CLANG_WARN_COMMA = YES;
				CLANG_WARN_CONSTANT_CONVERSION = YES;
				CLANG_WARN_DEPRECATED_OBJC_IMPLEMENTATIONS = YES;
				CLANG_WARN_DIRECT_OBJC_ISA_USAGE = YES_ERROR;
				CLANG_WARN_DOCUMENTATION_COMMENTS = YES;
				CLANG_WARN_EMPTY_BODY = YES;
				CLANG_WARN_ENUM_CONVERSION = YES;
				CLANG_WARN_INFINITE_RECURSION = YES;
				CLANG_WARN_INT_CONVERSION = YES;
				CLANG_WARN_NON_LITERAL_NULL_CONVERSION = YES;
				CLANG_WARN_OBJC_IMPLICIT_RETAIN_SELF = YES;
				CLANG_WARN_OBJC_LITERAL_CONVERSION = YES;
				CLANG_WARN_OBJC_ROOT_CLASS = YES_ERROR;
				CLANG_WARN_RANGE_LOOP_ANALYSIS = YES;
				CLANG_WARN_STRICT_PROTOTYPES = YES;
				CLANG_WARN_SUSPICIOUS_MOVE = YES;
				CLANG_WARN_UNGUARDED_AVAILABILITY = YES_AGGRESSIVE;
				CLANG_WARN_UNREACHABLE_CODE = YES;
				CLANG_WARN__DUPLICATE_METHOD_MATCH = YES;
				COPY_PHASE_STRIP = NO;
				DEBUG_INFORMATION_FORMAT = dwarf;
				ENABLE_STRICT_OBJC_MSGSEND = YES;
				ENABLE_TESTABILITY = YES;
				GCC_C_LANGUAGE_STANDARD = gnu11;
				GCC_DYNAMIC_NO_PIC = NO;
				GCC_NO_COMMON_BLOCKS = YES;
				GCC_OPTIMIZATION_LEVEL = 0;
				GCC_PREPROCESSOR_DEFINITIONS = (
					"DEBUG=1",
					"$(inherited)",
				);
				GCC_WARN_64_TO_32_BIT_CONVERSION = YES;
				GCC_WARN_ABOUT_RETURN_TYPE = YES_ERROR;
				GCC_WARN_UNDECLARED_SELECTOR = YES;
				GCC_WARN_UNINITIALIZED_AUTOS = YES_AGGRESSIVE;
				GCC_WARN_UNUSED_FUNCTION = YES;
				GCC_WARN_UNUSED_VARIABLE = YES;
				IPHONEOS_DEPLOYMENT_TARGET = 13.1;
				MTL_ENABLE_DEBUG_INFO = INCLUDE_SOURCE;
				MTL_FAST_MATH = YES;
				ONLY_ACTIVE_ARCH = YES;
				SDKROOT = iphoneos;
				SWIFT_ACTIVE_COMPILATION_CONDITIONS = DEBUG;
				SWIFT_OPTIMIZATION_LEVEL = "-Onone";
			};
			name = Debug;
		};
		2858BCAE2404321300C26596 /* Release */ = {
			isa = XCBuildConfiguration;
			buildSettings = {
				ALWAYS_SEARCH_USER_PATHS = NO;
				CLANG_ANALYZER_NONNULL = YES;
				CLANG_ANALYZER_NUMBER_OBJECT_CONVERSION = YES_AGGRESSIVE;
				CLANG_CXX_LANGUAGE_STANDARD = "gnu++14";
				CLANG_CXX_LIBRARY = "libc++";
				CLANG_ENABLE_MODULES = YES;
				CLANG_ENABLE_OBJC_ARC = YES;
				CLANG_ENABLE_OBJC_WEAK = YES;
				CLANG_WARN_BLOCK_CAPTURE_AUTORELEASING = YES;
				CLANG_WARN_BOOL_CONVERSION = YES;
				CLANG_WARN_COMMA = YES;
				CLANG_WARN_CONSTANT_CONVERSION = YES;
				CLANG_WARN_DEPRECATED_OBJC_IMPLEMENTATIONS = YES;
				CLANG_WARN_DIRECT_OBJC_ISA_USAGE = YES_ERROR;
				CLANG_WARN_DOCUMENTATION_COMMENTS = YES;
				CLANG_WARN_EMPTY_BODY = YES;
				CLANG_WARN_ENUM_CONVERSION = YES;
				CLANG_WARN_INFINITE_RECURSION = YES;
				CLANG_WARN_INT_CONVERSION = YES;
				CLANG_WARN_NON_LITERAL_NULL_CONVERSION = YES;
				CLANG_WARN_OBJC_IMPLICIT_RETAIN_SELF = YES;
				CLANG_WARN_OBJC_LITERAL_CONVERSION = YES;
				CLANG_WARN_OBJC_ROOT_CLASS = YES_ERROR;
				CLANG_WARN_RANGE_LOOP_ANALYSIS = YES;
				CLANG_WARN_STRICT_PROTOTYPES = YES;
				CLANG_WARN_SUSPICIOUS_MOVE = YES;
				CLANG_WARN_UNGUARDED_AVAILABILITY = YES_AGGRESSIVE;
				CLANG_WARN_UNREACHABLE_CODE = YES;
				CLANG_WARN__DUPLICATE_METHOD_MATCH = YES;
				COPY_PHASE_STRIP = NO;
				DEBUG_INFORMATION_FORMAT = "dwarf-with-dsym";
				ENABLE_NS_ASSERTIONS = NO;
				ENABLE_STRICT_OBJC_MSGSEND = YES;
				GCC_C_LANGUAGE_STANDARD = gnu11;
				GCC_NO_COMMON_BLOCKS = YES;
				GCC_WARN_64_TO_32_BIT_CONVERSION = YES;
				GCC_WARN_ABOUT_RETURN_TYPE = YES_ERROR;
				GCC_WARN_UNDECLARED_SELECTOR = YES;
				GCC_WARN_UNINITIALIZED_AUTOS = YES_AGGRESSIVE;
				GCC_WARN_UNUSED_FUNCTION = YES;
				GCC_WARN_UNUSED_VARIABLE = YES;
				IPHONEOS_DEPLOYMENT_TARGET = 13.1;
				MTL_ENABLE_DEBUG_INFO = NO;
				MTL_FAST_MATH = YES;
				SDKROOT = iphoneos;
				SWIFT_COMPILATION_MODE = wholemodule;
				SWIFT_OPTIMIZATION_LEVEL = "-O";
				VALIDATE_PRODUCT = YES;
			};
			name = Release;
		};
		2858BCB02404321300C26596 /* Debug */ = {
			isa = XCBuildConfiguration;
			buildSettings = {
				ASSETCATALOG_COMPILER_APPICON_NAME = AppIcon;
				CODE_SIGN_STYLE = Automatic;
				INFOPLIST_FILE = "Mobile Mappers/Info.plist";
				LD_RUNPATH_SEARCH_PATHS = (
					"$(inherited)",
					"@executable_path/Frameworks",
				);
				PRODUCT_BUNDLE_IDENTIFIER = "com.example..Mobile-Mappers";
				PRODUCT_NAME = "$(TARGET_NAME)";
				SWIFT_VERSION = 5.0;
				TARGETED_DEVICE_FAMILY = "1,2";
			};
			name = Debug;
		};
		2858BCB12404321300C26596 /* Release */ = {
			isa = XCBuildConfiguration;
			buildSettings = {
				ASSETCATALOG_COMPILER_APPICON_NAME = AppIcon;
				CODE_SIGN_STYLE = Automatic;
				INFOPLIST_FILE = "Mobile Mappers/Info.plist";
				LD_RUNPATH_SEARCH_PATHS = (
					"$(inherited)",
					"@executable_path/Frameworks",
				);
				PRODUCT_BUNDLE_IDENTIFIER = "com.example..Mobile-Mappers";
				PRODUCT_NAME = "$(TARGET_NAME)";
				SWIFT_VERSION = 5.0;
				TARGETED_DEVICE_FAMILY = "1,2";
			};
			name = Release;
		};
		2858BCB32404321300C26596 /* Debug */ = {
			isa = XCBuildConfiguration;
			buildSettings = {
				ALWAYS_EMBED_SWIFT_STANDARD_LIBRARIES = YES;
				BUNDLE_LOADER = "$(TEST_HOST)";
				CODE_SIGN_STYLE = Automatic;
				INFOPLIST_FILE = "Mobile MappersTests/Info.plist";
				IPHONEOS_DEPLOYMENT_TARGET = 13.1;
				LD_RUNPATH_SEARCH_PATHS = (
					"$(inherited)",
					"@executable_path/Frameworks",
					"@loader_path/Frameworks",
				);
				PRODUCT_BUNDLE_IDENTIFIER = "com.example..Mobile-MappersTests";
				PRODUCT_NAME = "$(TARGET_NAME)";
				SWIFT_VERSION = 5.0;
				TARGETED_DEVICE_FAMILY = "1,2";
				TEST_HOST = "$(BUILT_PRODUCTS_DIR)/Mobile Mappers.app/Mobile Mappers";
			};
			name = Debug;
		};
		2858BCB42404321300C26596 /* Release */ = {
			isa = XCBuildConfiguration;
			buildSettings = {
				ALWAYS_EMBED_SWIFT_STANDARD_LIBRARIES = YES;
				BUNDLE_LOADER = "$(TEST_HOST)";
				CODE_SIGN_STYLE = Automatic;
				INFOPLIST_FILE = "Mobile MappersTests/Info.plist";
				IPHONEOS_DEPLOYMENT_TARGET = 13.1;
				LD_RUNPATH_SEARCH_PATHS = (
					"$(inherited)",
					"@executable_path/Frameworks",
					"@loader_path/Frameworks",
				);
				PRODUCT_BUNDLE_IDENTIFIER = "com.example..Mobile-MappersTests";
				PRODUCT_NAME = "$(TARGET_NAME)";
				SWIFT_VERSION = 5.0;
				TARGETED_DEVICE_FAMILY = "1,2";
				TEST_HOST = "$(BUILT_PRODUCTS_DIR)/Mobile Mappers.app/Mobile Mappers";
			};
			name = Release;
		};
/* End XCBuildConfiguration section */

/* Begin XCConfigurationList section */
		2858BC8B2404320A00C26596 /* Build configuration list for PBXProject "Mobile Mappers" */ = {
			isa = XCConfigurationList;
			buildConfigurations = (
				2858BCAD2404321300C26596 /* Debug */,
				2858BCAE2404321300C26596 /* Release */,
			);
			defaultConfigurationIsVisible = 0;
			defaultConfigurationName = Release;
		};
		2858BCAF2404321300C26596 /* Build configuration list for PBXNativeTarget "Mobile Mappers" */ = {
			isa = XCConfigurationList;
			buildConfigurations = (
				2858BCB02404321300C26596 /* Debug */,
				2858BCB12404321300C26596 /* Release */,
			);
			defaultConfigurationIsVisible = 0;
			defaultConfigurationName = Release;
		};
		2858BCB22404321300C26596 /* Build configuration list for PBXNativeTarget "Mobile MappersTests" */ = {
			isa = XCConfigurationList;
			buildConfigurations = (
				2858BCB32404321300C26596 /* Debug */,
				2858BCB42404321300C26596 /* Release */,
			);
			defaultConfigurationIsVisible = 0;
			defaultConfigurationName = Release;
		};
/* End XCConfigurationList section */
	};
	rootObject = 2858BC882404320A00C26596 /* Project object */;
}
